
Microsoft Visual Studio Solution File, Format Version 12.00
# Visual Studio Version 17
VisualStudioVersion = 17.9.34728.123
MinimumVisualStudioVersion = 10.0.40219.1
Project("{FAE04EC0-301F-11D3-BF4B-00C04F79EFBC}") = "ECommerceApp", "ECommerceApp\ECommerceApp.csproj", "{61771F07-36F4-4272-A3EF-98676E60EA0A}"
EndProject
Project("{FAE04EC0-301F-11D3-BF4B-00C04F79EFBC}") = "ECommerceApp.Tests", "ECommerceApp.Tests\ECommerceApp.Tests.csproj", "{E5A4F751-5104-40BF-BFF0-66BCED736253}"
EndProject
Global
	GlobalSection(SolutionConfigurationPlatforms) = preSolution
		Debug|Any CPU = Debug|Any CPU
		Release|Any CPU = Release|Any CPU
	EndGlobalSection
	GlobalSection(ProjectConfigurationPlatforms) = postSolution
		{61771F07-36F4-4272-A3EF-98676E60EA0A}.Debug|Any CPU.ActiveCfg = Debug|Any CPU
		{61771F07-36F4-4272-A3EF-98676E60EA0A}.Debug|Any CPU.Build.0 = Debug|Any CPU
		{61771F07-36F4-4272-A3EF-98676E60EA0A}.Release|Any CPU.ActiveCfg = Release|Any CPU
		{61771F07-36F4-4272-A3EF-98676E60EA0A}.Release|Any CPU.Build.0 = Release|Any CPU
		{E5A4F751-5104-40BF-BFF0-66BCED736253}.Debug|Any CPU.ActiveCfg = Debug|Any CPU
		{E5A4F751-5104-40BF-BFF0-66BCED736253}.Debug|Any CPU.Build.0 = Debug|Any CPU
		{E5A4F751-5104-40BF-BFF0-66BCED736253}.Release|Any CPU.ActiveCfg = Release|Any CPU
		{E5A4F751-5104-40BF-BFF0-66BCED736253}.Release|Any CPU.Build.0 = Release|Any CPU
	EndGlobalSection
	GlobalSection(SolutionProperties) = preSolution
		HideSolutionNode = FALSE
	EndGlobalSection
	GlobalSection(ExtensibilityGlobals) = postSolution
		SolutionGuid = {332A3E4E-E1ED-4367-83E1-89CBD23279DA}
	EndGlobalSection
EndGlobal
